
Microsoft Visual Studio Solution File, Format Version 12.00
# Visual Studio Version 17
VisualStudioVersion = 17.5.33516.290
MinimumVisualStudioVersion = 10.0.40219.1
Project("{FAE04EC0-301F-11D3-BF4B-00C04F79EFBC}") = "tpmodul8_1302210032", "tpmodul8_1302210032\tpmodul8_1302210032.csproj", "{AFB3BB26-ECD4-4001-808F-A841B983B6AA}"
EndProject
Global
	GlobalSection(SolutionConfigurationPlatforms) = preSolution
		Debug|Any CPU = Debug|Any CPU
		Release|Any CPU = Release|Any CPU
	EndGlobalSection
	GlobalSection(ProjectConfigurationPlatforms) = postSolution
		{AFB3BB26-ECD4-4001-808F-A841B983B6AA}.Debug|Any CPU.ActiveCfg = Debug|Any CPU
		{AFB3BB26-ECD4-4001-808F-A841B983B6AA}.Debug|Any CPU.Build.0 = Debug|Any CPU
		{AFB3BB26-ECD4-4001-808F-A841B983B6AA}.Release|Any CPU.ActiveCfg = Release|Any CPU
		{AFB3BB26-ECD4-4001-808F-A841B983B6AA}.Release|Any CPU.Build.0 = Release|Any CPU
	EndGlobalSection
	GlobalSection(SolutionProperties) = preSolution
		HideSolutionNode = FALSE
	EndGlobalSection
	GlobalSection(ExtensibilityGlobals) = postSolution
		SolutionGuid = {8CA1CC35-F06E-44CE-BB4E-626660F0D271}
	EndGlobalSection
EndGlobal
